github.com/davecgh/go-spew v1.1.1 h1:vj9j/u1bqnvCEfJOwUhtlOARqs3+rkHYY13jYWTU97c=
github.com/davecgh/go-spew v1.1.1/go.mod h1:J7Y8YcW2NihsgmVo/mv3lAwl/skON4iLHjSsI+c5H38=
github.com/hopesea/godub v1.0.0 h1:zoB+bvWwyL2lGR5cA2OH4sgEgGds3PhTzUv8mUvK9VI=
github.com/hopesea/godub v1.0.0/go.mod h1:+S6QkcuL8jU41+Bj7YsZOxrKgIWDAFURXfaRUpzpBHc=
github.com/iFaceless/godub v0.0.0-20200728093528-a30bb4d1a0f1 h1:oqeURuHQrImMykykqJgFbStlaDXyY7JpXXrwXyjr9ls=
github.com/iFaceless/godub v0.0.0-20200728093528-a30bb4d1a0f1/go.mod h1:tKRg0K9YmfD3eD6KFos+YHIVMouKMzxDSK5XpdxdCUI=
github.com/pmezard/go-difflib v1.0.0 h1:4DBwDE0NGyQoBHbLQYPwSUPoCMWR5BEzIk/f1lZbAQM=
github.com/pmezard/go-difflib v1.0.0/go.mod h1:iKH77koFhYxTK1pcRnkKkqfTogsbg7gZNVY4sRDYZ/4=
github.com/stretchr/testify v1.8.0 h1:pSgiaMZlXftHpm5L7V1+rVB+AZJydKsMxsQBIJw4PKk=
github.com/stretchr/testify v1.8.0/go.mod h1:yNjHg4UonilssWZ8iaSj1OCr/vHnekPRkoO+kdMU+MU=
github.com/tink-ab/tempfile v0.0.0-20180226111222-33beb0518f1a h1:Qhm/9UKGO1+AjEKIsq8G72uCq4SrYxSxS5wiD0F3IC4=
github.com/tink-ab/tempfile v0.0.0-20180226111222-33beb0518f1a/go.mod h1:Wt5qSdcHgX6XkqZKAZTxnN+93jnqtx0jEgTQakpZ1CE=
gopkg.in/yaml.v3 v3.0.1 h1:fxVm/GzAzEWqLHuvctI91KS9hhNmmWOoWu0XTYJS7CA=
gopkg.in/yaml.v3 v3.0.1/go.mod h1:K4uyk7z7BCEPqu6E+C64Yfv1cQ7kz7rIZviUmN+EgEM=
