github.com/hajimehoshi/go-mp3 v0.3.4 h1:NUP7pBYH8OguP4diaTZ9wJbUbk3tC0KlfzsEpWmYj68=
github.com/hajimehoshi/go-mp3 v0.3.4/go.mod h1:fRtZraRFcWb0pu7ok0LqyFhCUrPeMsGRSVop0eemFmo=
github.com/hajimehoshi/oto/v2 v2.3.1/go.mod h1:seWLbgHH7AyUMYKfKYT9pg7PhUu9/SisyJvNTT+ASQo=
github.com/hopesea/godub/v2 v2.2.1 h1:VeA4ohlHlN/sExHe5PGgQraOBm6usMgA45UfqtqdsNs=
github.com/hopesea/godub/v2 v2.2.1/go.mod h1:I+qKup04jMIvcVj2GKfZIEcObVsKNL9vdiFqUYWLUuk=
github.com/tink-ab/tempfile v0.0.0-20180226111222-33beb0518f1a h1:Qhm/9UKGO1+AjEKIsq8G72uCq4SrYxSxS5wiD0F3IC4=
github.com/tink-ab/tempfile v0.0.0-20180226111222-33beb0518f1a/go.mod h1:Wt5qSdcHgX6XkqZKAZTxnN+93jnqtx0jEgTQakpZ1CE=
golang.org/x/sys v0.0.0-20220712014510-0a85c31ab51e/go.mod h1:oPkhp1MJrh7nUepCBck5+mAzfO9JrbApNNgaTdGDITg=
